
Microsoft Visual Studio Solution File, Format Version 12.00
# Visual Studio Version 17
VisualStudioVersion = 17.0.32014.148
MinimumVisualStudioVersion = 10.0.40219.1
Project("{8BC9CEB8-8B4A-11D0-8D11-00A0C91BC942}") = "Bai1", "Bai1\Bai1.vcxproj", "{C973593F-9A72-4AC8-9E4C-EC57A34D5D3C}"
EndProject
Project("{8BC9CEB8-8B4A-11D0-8D11-00A0C91BC942}") = "Bai2", "Bai2\Bai2.vcxproj", "{664710DF-3E56-44A9-8A5E-8F8A672119C5}"
EndProject
Project("{8BC9CEB8-8B4A-11D0-8D11-00A0C91BC942}") = "bai3", "bai3\bai3.vcxproj", "{A880D6C6-9C14-4A98-A83B-7A67E1BAFBFF}"
EndProject
Global
	GlobalSection(SolutionConfigurationPlatforms) = preSolution
		Debug|x64 = Debug|x64
		Debug|x86 = Debug|x86
		Release|x64 = Release|x64
		Release|x86 = Release|x86
	EndGlobalSection
	GlobalSection(ProjectConfigurationPlatforms) = postSolution
		{C973593F-9A72-4AC8-9E4C-EC57A34D5D3C}.Debug|x64.ActiveCfg = Debug|x64
		{C973593F-9A72-4AC8-9E4C-EC57A34D5D3C}.Debug|x64.Build.0 = Debug|x64
		{C973593F-9A72-4AC8-9E4C-EC57A34D5D3C}.Debug|x86.ActiveCfg = Debug|Win32
		{C973593F-9A72-4AC8-9E4C-EC57A34D5D3C}.Debug|x86.Build.0 = Debug|Win32
		{C973593F-9A72-4AC8-9E4C-EC57A34D5D3C}.Release|x64.ActiveCfg = Release|x64
		{C973593F-9A72-4AC8-9E4C-EC57A34D5D3C}.Release|x64.Build.0 = Release|x64
		{C973593F-9A72-4AC8-9E4C-EC57A34D5D3C}.Release|x86.ActiveCfg = Release|Win32
		{C973593F-9A72-4AC8-9E4C-EC57A34D5D3C}.Release|x86.Build.0 = Release|Win32
		{664710DF-3E56-44A9-8A5E-8F8A672119C5}.Debug|x64.ActiveCfg = Debug|x64
		{664710DF-3E56-44A9-8A5E-8F8A672119C5}.Debug|x64.Build.0 = Debug|x64
		{664710DF-3E56-44A9-8A5E-8F8A672119C5}.Debug|x86.ActiveCfg = Debug|Win32
		{664710DF-3E56-44A9-8A5E-8F8A672119C5}.Debug|x86.Build.0 = Debug|Win32
		{664710DF-3E56-44A9-8A5E-8F8A672119C5}.Release|x64.ActiveCfg = Release|x64
		{664710DF-3E56-44A9-8A5E-8F8A672119C5}.Release|x64.Build.0 = Release|x64
		{664710DF-3E56-44A9-8A5E-8F8A672119C5}.Release|x86.ActiveCfg = Release|Win32
		{664710DF-3E56-44A9-8A5E-8F8A672119C5}.Release|x86.Build.0 = Release|Win32
		{A880D6C6-9C14-4A98-A83B-7A67E1BAFBFF}.Debug|x64.ActiveCfg = Debug|x64
		{A880D6C6-9C14-4A98-A83B-7A67E1BAFBFF}.Debug|x64.Build.0 = Debug|x64
		{A880D6C6-9C14-4A98-A83B-7A67E1BAFBFF}.Debug|x86.ActiveCfg = Debug|Win32
		{A880D6C6-9C14-4A98-A83B-7A67E1BAFBFF}.Debug|x86.Build.0 = Debug|Win32
		{A880D6C6-9C14-4A98-A83B-7A67E1BAFBFF}.Release|x64.ActiveCfg = Release|x64
		{A880D6C6-9C14-4A98-A83B-7A67E1BAFBFF}.Release|x64.Build.0 = Release|x64
		{A880D6C6-9C14-4A98-A83B-7A67E1BAFBFF}.Release|x86.ActiveCfg = Release|Win32
		{A880D6C6-9C14-4A98-A83B-7A67E1BAFBFF}.Release|x86.Build.0 = Release|Win32
	EndGlobalSection
	GlobalSection(SolutionProperties) = preSolution
		HideSolutionNode = FALSE
	EndGlobalSection
	GlobalSection(ExtensibilityGlobals) = postSolution
		SolutionGuid = {E145BFB3-B22D-4708-A336-50F051FF4082}
	EndGlobalSection
EndGlobal
